// !$*UTF8*$!
{
	archiveVersion = 1;
	classes = {
	};
	objectVersion = 46;
	objects = {

/* Begin PBXBuildFile section */
		905B3E2A1D7C5B0300223963 /* MeetingCostController.swift in Sources */ = {isa = PBXBuildFile; fileRef = 905B3E291D7C5B0300223963 /* MeetingCostController.swift */; };
		905B3E321D7CBB9000223963 /* NotificationCenter.framework in Frameworks */ = {isa = PBXBuildFile; fileRef = 90388CA61D7C44C800CAE70D /* NotificationCenter.framework */; };
		905B3E351D7CBB9000223963 /* TodayViewController.swift in Sources */ = {isa = PBXBuildFile; fileRef = 905B3E341D7CBB9000223963 /* TodayViewController.swift */; };
		905B3E381D7CBB9000223963 /* MainInterface.storyboard in Resources */ = {isa = PBXBuildFile; fileRef = 905B3E361D7CBB9000223963 /* MainInterface.storyboard */; };
		905B3E3C1D7CBB9000223963 /* MeetingCost Widget.appex in Embed App Extensions */ = {isa = PBXBuildFile; fileRef = 905B3E311D7CBB9000223963 /* MeetingCost Widget.appex */; settings = {ATTRIBUTES = (RemoveHeadersOnCopy, ); }; };
		905B3E401D7CBE6500223963 /* MeetingCostController.swift in Sources */ = {isa = PBXBuildFile; fileRef = 905B3E291D7C5B0300223963 /* MeetingCostController.swift */; };
		905B3E411D7CBE7C00223963 /* AppState.swift in Sources */ = {isa = PBXBuildFile; fileRef = 90FB23081B15066100C008B8 /* AppState.swift */; };
		90BB41861D7A2A2C000AA959 /* Main.storyboard in Resources */ = {isa = PBXBuildFile; fileRef = 90BB41851D7A2A2C000AA959 /* Main.storyboard */; };
		90BB41891D7A2BA4000AA959 /* ViewController2ViewController.swift in Sources */ = {isa = PBXBuildFile; fileRef = 90BB41881D7A2BA4000AA959 /* ViewController2ViewController.swift */; };
		90C23BE61AC75D620054F850 /* AppDelegate.swift in Sources */ = {isa = PBXBuildFile; fileRef = 90C23BE51AC75D620054F850 /* AppDelegate.swift */; };
		90C23BE81AC75D620054F850 /* ViewController.swift in Sources */ = {isa = PBXBuildFile; fileRef = 90C23BE71AC75D620054F850 /* ViewController.swift */; };
		90C23BED1AC75D620054F850 /* Images.xcassets in Resources */ = {isa = PBXBuildFile; fileRef = 90C23BEC1AC75D620054F850 /* Images.xcassets */; };
		90C23BF01AC75D620054F850 /* LaunchScreen.xib in Resources */ = {isa = PBXBuildFile; fileRef = 90C23BEE1AC75D620054F850 /* LaunchScreen.xib */; };
		90C23BFC1AC75D620054F850 /* MeetingCostTests.swift in Sources */ = {isa = PBXBuildFile; fileRef = 90C23BFB1AC75D620054F850 /* MeetingCostTests.swift */; };
		90FB23091B15066100C008B8 /* AppState.swift in Sources */ = {isa = PBXBuildFile; fileRef = 90FB23081B15066100C008B8 /* AppState.swift */; };
/* End PBXBuildFile section */

/* Begin PBXContainerItemProxy section */
		905B3E3A1D7CBB9000223963 /* PBXContainerItemProxy */ = {
			isa = PBXContainerItemProxy;
			containerPortal = 90C23BD81AC75D620054F850 /* Project object */;
			proxyType = 1;
			remoteGlobalIDString = 905B3E301D7CBB9000223963;
			remoteInfo = "MeetingCost Widget";
		};
		90C23BF61AC75D620054F850 /* PBXContainerItemProxy */ = {
			isa = PBXContainerItemProxy;
			containerPortal = 90C23BD81AC75D620054F850 /* Project object */;
			proxyType = 1;
			remoteGlobalIDString = 90C23BDF1AC75D620054F850;
			remoteInfo = MeetingCost;
		};
/* End PBXContainerItemProxy section */

/* Begin PBXCopyFilesBuildPhase section */
		90388CB51D7C44C800CAE70D /* Embed App Extensions */ = {
			isa = PBXCopyFilesBuildPhase;
			buildActionMask = 2147483647;
			dstPath = "";
			dstSubfolderSpec = 13;
			files = (
				905B3E3C1D7CBB9000223963 /* MeetingCost Widget.appex in Embed App Extensions */,
			);
			name = "Embed App Extensions";
			runOnlyForDeploymentPostprocessing = 0;
		};
/* End PBXCopyFilesBuildPhase section */

/* Begin PBXFileReference section */
		90388CA61D7C44C800CAE70D /* NotificationCenter.framework */ = {isa = PBXFileReference; lastKnownFileType = wrapper.framework; name = NotificationCenter.framework; path = System/Library/Frameworks/NotificationCenter.framework; sourceTree = SDKROOT; };
		905B3E291D7C5B0300223963 /* MeetingCostController.swift */ = {isa = PBXFileReference; fileEncoding = 4; lastKnownFileType = sourcecode.swift; path = MeetingCostController.swift; sourceTree = SOURCE_ROOT; };
		905B3E311D7CBB9000223963 /* MeetingCost Widget.appex */ = {isa = PBXFileReference; explicitFileType = "wrapper.app-extension"; includeInIndex = 0; path = "MeetingCost Widget.appex"; sourceTree = BUILT_PRODUCTS_DIR; };
		905B3E341D7CBB9000223963 /* TodayViewController.swift */ = {isa = PBXFileReference; lastKnownFileType = sourcecode.swift; path = TodayViewController.swift; sourceTree = "<group>"; };
		905B3E371D7CBB9000223963 /* Base */ = {isa = PBXFileReference; lastKnownFileType = file.storyboard; name = Base; path = Base.lproj/MainInterface.storyboard; sourceTree = "<group>"; };
		905B3E391D7CBB9000223963 /* Info.plist */ = {isa = PBXFileReference; lastKnownFileType = text.plist.xml; path = Info.plist; sourceTree = "<group>"; };
		905B3E421D7CBF5100223963 /* MeetingCost.entitlements */ = {isa = PBXFileReference; lastKnownFileType = text.xml; path = MeetingCost.entitlements; sourceTree = "<group>"; };
		905B3E431D7CBFA100223963 /* MeetingCost Widget.entitlements */ = {isa = PBXFileReference; lastKnownFileType = text.xml; path = "MeetingCost Widget.entitlements"; sourceTree = "<group>"; };
		905B3E441D7CD1C600223963 /* MeetingCost.xcodeproj */ = {isa = PBXFileReference; lastKnownFileType = "wrapper.pb-project"; path = MeetingCost.xcodeproj; sourceTree = "<group>"; };
		90BB41851D7A2A2C000AA959 /* Main.storyboard */ = {isa = PBXFileReference; fileEncoding = 4; lastKnownFileType = file.storyboard; path = Main.storyboard; sourceTree = "<group>"; };
		90BB41881D7A2BA4000AA959 /* ViewController2ViewController.swift */ = {isa = PBXFileReference; fileEncoding = 4; lastKnownFileType = sourcecode.swift; path = ViewController2ViewController.swift; sourceTree = "<group>"; };
		90C23BE01AC75D620054F850 /* MeetingCost.app */ = {isa = PBXFileReference; explicitFileType = wrapper.application; includeInIndex = 0; path = MeetingCost.app; sourceTree = BUILT_PRODUCTS_DIR; };
		90C23BE41AC75D620054F850 /* Info.plist */ = {isa = PBXFileReference; lastKnownFileType = text.plist.xml; path = Info.plist; sourceTree = "<group>"; };
		90C23BE51AC75D620054F850 /* AppDelegate.swift */ = {isa = PBXFileReference; lastKnownFileType = sourcecode.swift; path = AppDelegate.swift; sourceTree = "<group>"; };
		90C23BE71AC75D620054F850 /* ViewController.swift */ = {isa = PBXFileReference; lastKnownFileType = sourcecode.swift; path = ViewController.swift; sourceTree = "<group>"; };
		90C23BEC1AC75D620054F850 /* Images.xcassets */ = {isa = PBXFileReference; lastKnownFileType = folder.assetcatalog; path = Images.xcassets; sourceTree = "<group>"; };
		90C23BEF1AC75D620054F850 /* Base */ = {isa = PBXFileReference; lastKnownFileType = file.xib; name = Base; path = Base.lproj/LaunchScreen.xib; sourceTree = "<group>"; };
		90C23BF51AC75D620054F850 /* MeetingCostTests.xctest */ = {isa = PBXFileReference; explicitFileType = wrapper.cfbundle; includeInIndex = 0; path = MeetingCostTests.xctest; sourceTree = BUILT_PRODUCTS_DIR; };
		90C23BFA1AC75D620054F850 /* Info.plist */ = {isa = PBXFileReference; lastKnownFileType = text.plist.xml; path = Info.plist; sourceTree = "<group>"; };
		90C23BFB1AC75D620054F850 /* MeetingCostTests.swift */ = {isa = PBXFileReference; lastKnownFileType = sourcecode.swift; path = MeetingCostTests.swift; sourceTree = "<group>"; };
		90FB23081B15066100C008B8 /* AppState.swift */ = {isa = PBXFileReference; fileEncoding = 4; lastKnownFileType = sourcecode.swift; path = AppState.swift; sourceTree = "<group>"; };
/* End PBXFileReference section */

/* Begin PBXFrameworksBuildPhase section */
		905B3E2E1D7CBB9000223963 /* Frameworks */ = {
			isa = PBXFrameworksBuildPhase;
			buildActionMask = 2147483647;
			files = (
				905B3E321D7CBB9000223963 /* NotificationCenter.framework in Frameworks */,
			);
			runOnlyForDeploymentPostprocessing = 0;
		};
		90C23BDD1AC75D620054F850 /* Frameworks */ = {
			isa = PBXFrameworksBuildPhase;
			buildActionMask = 2147483647;
			files = (
			);
			runOnlyForDeploymentPostprocessing = 0;
		};
		90C23BF21AC75D620054F850 /* Frameworks */ = {
			isa = PBXFrameworksBuildPhase;
			buildActionMask = 2147483647;
			files = (
			);
			runOnlyForDeploymentPostprocessing = 0;
		};
/* End PBXFrameworksBuildPhase section */

/* Begin PBXGroup section */
		90388CA51D7C44C800CAE70D /* Frameworks */ = {
			isa = PBXGroup;
			children = (
				905B3E441D7CD1C600223963 /* MeetingCost.xcodeproj */,
				90388CA61D7C44C800CAE70D /* NotificationCenter.framework */,
			);
			name = Frameworks;
			sourceTree = "<group>";
		};
		905B3E331D7CBB9000223963 /* MeetingCost Widget */ = {
			isa = PBXGroup;
			children = (
				905B3E431D7CBFA100223963 /* MeetingCost Widget.entitlements */,
				905B3E341D7CBB9000223963 /* TodayViewController.swift */,
				905B3E361D7CBB9000223963 /* MainInterface.storyboard */,
				905B3E391D7CBB9000223963 /* Info.plist */,
			);
			path = "MeetingCost Widget";
			sourceTree = "<group>";
		};
		905B3E451D7CD1C600223963 /* Products */ = {
			isa = PBXGroup;
			name = Products;
			sourceTree = "<group>";
		};
		90C23BD71AC75D620054F850 = {
			isa = PBXGroup;
			children = (
				90C23BE21AC75D620054F850 /* MeetingCost */,
				90C23BF81AC75D620054F850 /* MeetingCostTests */,
				905B3E331D7CBB9000223963 /* MeetingCost Widget */,
				90388CA51D7C44C800CAE70D /* Frameworks */,
				90C23BE11AC75D620054F850 /* Products */,
			);
			sourceTree = "<group>";
		};
		90C23BE11AC75D620054F850 /* Products */ = {
			isa = PBXGroup;
			children = (
				90C23BE01AC75D620054F850 /* MeetingCost.app */,
				90C23BF51AC75D620054F850 /* MeetingCostTests.xctest */,
				905B3E311D7CBB9000223963 /* MeetingCost Widget.appex */,
			);
			name = Products;
			sourceTree = "<group>";
		};
		90C23BE21AC75D620054F850 /* MeetingCost */ = {
			isa = PBXGroup;
			children = (
				905B3E421D7CBF5100223963 /* MeetingCost.entitlements */,
				90BB41851D7A2A2C000AA959 /* Main.storyboard */,
				90C23BE51AC75D620054F850 /* AppDelegate.swift */,
				90FB23081B15066100C008B8 /* AppState.swift */,
				90C23BEC1AC75D620054F850 /* Images.xcassets */,
				90C23BEE1AC75D620054F850 /* LaunchScreen.xib */,
				905B3E291D7C5B0300223963 /* MeetingCostController.swift */,
				90C23BE31AC75D620054F850 /* Supporting Files */,
				90C23BE71AC75D620054F850 /* ViewController.swift */,
				90BB41881D7A2BA4000AA959 /* ViewController2ViewController.swift */,
			);
			path = MeetingCost;
			sourceTree = "<group>";
		};
		90C23BE31AC75D620054F850 /* Supporting Files */ = {
			isa = PBXGroup;
			children = (
				90C23BE41AC75D620054F850 /* Info.plist */,
			);
			name = "Supporting Files";
			sourceTree = "<group>";
		};
		90C23BF81AC75D620054F850 /* MeetingCostTests */ = {
			isa = PBXGroup;
			children = (
				90C23BFB1AC75D620054F850 /* MeetingCostTests.swift */,
				90C23BF91AC75D620054F850 /* Supporting Files */,
			);
			path = MeetingCostTests;
			sourceTree = "<group>";
		};
		90C23BF91AC75D620054F850 /* Supporting Files */ = {
			isa = PBXGroup;
			children = (
				90C23BFA1AC75D620054F850 /* Info.plist */,
			);
			name = "Supporting Files";
			sourceTree = "<group>";
		};
/* End PBXGroup section */

/* Begin PBXNativeTarget section */
		905B3E301D7CBB9000223963 /* MeetingCost Widget */ = {
			isa = PBXNativeTarget;
			buildConfigurationList = 905B3E3D1D7CBB9000223963 /* Build configuration list for PBXNativeTarget "MeetingCost Widget" */;
			buildPhases = (
				905B3E2D1D7CBB9000223963 /* Sources */,
				905B3E2E1D7CBB9000223963 /* Frameworks */,
				905B3E2F1D7CBB9000223963 /* Resources */,
			);
			buildRules = (
			);
			dependencies = (
			);
			name = "MeetingCost Widget";
			productName = "MeetingCost Widget";
			productReference = 905B3E311D7CBB9000223963 /* MeetingCost Widget.appex */;
			productType = "com.apple.product-type.app-extension";
		};
		90C23BDF1AC75D620054F850 /* MeetingCost */ = {
			isa = PBXNativeTarget;
			buildConfigurationList = 90C23BFF1AC75D620054F850 /* Build configuration list for PBXNativeTarget "MeetingCost" */;
			buildPhases = (
				90C23BDC1AC75D620054F850 /* Sources */,
				90C23BDD1AC75D620054F850 /* Frameworks */,
				90C23BDE1AC75D620054F850 /* Resources */,
				90388CB51D7C44C800CAE70D /* Embed App Extensions */,
			);
			buildRules = (
			);
			dependencies = (
				905B3E3B1D7CBB9000223963 /* PBXTargetDependency */,
			);
			name = MeetingCost;
			productName = MeetingCost;
			productReference = 90C23BE01AC75D620054F850 /* MeetingCost.app */;
			productType = "com.apple.product-type.application";
		};
		90C23BF41AC75D620054F850 /* MeetingCostTests */ = {
			isa = PBXNativeTarget;
			buildConfigurationList = 90C23C021AC75D620054F850 /* Build configuration list for PBXNativeTarget "MeetingCostTests" */;
			buildPhases = (
				90C23BF11AC75D620054F850 /* Sources */,
				90C23BF21AC75D620054F850 /* Frameworks */,
				90C23BF31AC75D620054F850 /* Resources */,
			);
			buildRules = (
			);
			dependencies = (
				90C23BF71AC75D620054F850 /* PBXTargetDependency */,
			);
			name = MeetingCostTests;
			productName = MeetingCostTests;
			productReference = 90C23BF51AC75D620054F850 /* MeetingCostTests.xctest */;
			productType = "com.apple.product-type.bundle.unit-test";
		};
/* End PBXNativeTarget section */

/* Begin PBXProject section */
		90C23BD81AC75D620054F850 /* Project object */ = {
			isa = PBXProject;
			attributes = {
				LastSwiftMigration = 0730;
				LastSwiftUpdateCheck = 0730;
				LastUpgradeCheck = 0620;
				ORGANIZATIONNAME = "Esben von Buchwald";
				TargetAttributes = {
					905B3E301D7CBB9000223963 = {
						CreatedOnToolsVersion = 7.3.1;
						DevelopmentTeam = 9V6YA5DTBV;
						SystemCapabilities = {
							com.apple.ApplicationGroups.iOS = {
								enabled = 1;
							};
						};
					};
					90C23BDF1AC75D620054F850 = {
						CreatedOnToolsVersion = 6.2;
						DevelopmentTeam = 9V6YA5DTBV;
						SystemCapabilities = {
							com.apple.ApplicationGroups.iOS = {
								enabled = 1;
							};
						};
					};
					90C23BF41AC75D620054F850 = {
						CreatedOnToolsVersion = 6.2;
						TestTargetID = 90C23BDF1AC75D620054F850;
					};
				};
			};
			buildConfigurationList = 90C23BDB1AC75D620054F850 /* Build configuration list for PBXProject "MeetingCost" */;
			compatibilityVersion = "Xcode 3.2";
			developmentRegion = English;
			hasScannedForEncodings = 0;
			knownRegions = (
				en,
				Base,
			);
			mainGroup = 90C23BD71AC75D620054F850;
			productRefGroup = 90C23BE11AC75D620054F850 /* Products */;
			projectDirPath = "";
			projectReferences = (
				{
					ProductGroup = 905B3E451D7CD1C600223963 /* Products */;
					ProjectRef = 905B3E441D7CD1C600223963 /* MeetingCost.xcodeproj */;
				},
			);
			projectRoot = "";
			targets = (
				90C23BDF1AC75D620054F850 /* MeetingCost */,
				90C23BF41AC75D620054F850 /* MeetingCostTests */,
				905B3E301D7CBB9000223963 /* MeetingCost Widget */,
			);
		};
/* End PBXProject section */

/* Begin PBXResourcesBuildPhase section */
		905B3E2F1D7CBB9000223963 /* Resources */ = {
			isa = PBXResourcesBuildPhase;
			buildActionMask = 2147483647;
			files = (
				905B3E381D7CBB9000223963 /* MainInterface.storyboard in Resources */,
			);
			runOnlyForDeploymentPostprocessing = 0;
		};
		90C23BDE1AC75D620054F850 /* Resources */ = {
			isa = PBXResourcesBuildPhase;
			buildActionMask = 2147483647;
			files = (
				90BB41861D7A2A2C000AA959 /* Main.storyboard in Resources */,
				90C23BF01AC75D620054F850 /* LaunchScreen.xib in Resources */,
				90C23BED1AC75D620054F850 /* Images.xcassets in Resources */,
			);
			runOnlyForDeploymentPostprocessing = 0;
		};
		90C23BF31AC75D620054F850 /* Resources */ = {
			isa = PBXResourcesBuildPhase;
			buildActionMask = 2147483647;
			files = (
			);
			runOnlyForDeploymentPostprocessing = 0;
		};
/* End PBXResourcesBuildPhase section */

/* Begin PBXSourcesBuildPhase section */
		905B3E2D1D7CBB9000223963 /* Sources */ = {
			isa = PBXSourcesBuildPhase;
			buildActionMask = 2147483647;
			files = (
				905B3E411D7CBE7C00223963 /* AppState.swift in Sources */,
				905B3E401D7CBE6500223963 /* MeetingCostController.swift in Sources */,
				905B3E351D7CBB9000223963 /* TodayViewController.swift in Sources */,
			);
			runOnlyForDeploymentPostprocessing = 0;
		};
		90C23BDC1AC75D620054F850 /* Sources */ = {
			isa = PBXSourcesBuildPhase;
			buildActionMask = 2147483647;
			files = (
				90FB23091B15066100C008B8 /* AppState.swift in Sources */,
				90C23BE81AC75D620054F850 /* ViewController.swift in Sources */,
				90BB41891D7A2BA4000AA959 /* ViewController2ViewController.swift in Sources */,
				90C23BE61AC75D620054F850 /* AppDelegate.swift in Sources */,
				905B3E2A1D7C5B0300223963 /* MeetingCostController.swift in Sources */,
			);
			runOnlyForDeploymentPostprocessing = 0;
		};
		90C23BF11AC75D620054F850 /* Sources */ = {
			isa = PBXSourcesBuildPhase;
			buildActionMask = 2147483647;
			files = (
				90C23BFC1AC75D620054F850 /* MeetingCostTests.swift in Sources */,
			);
			runOnlyForDeploymentPostprocessing = 0;
		};
/* End PBXSourcesBuildPhase section */

/* Begin PBXTargetDependency section */
		905B3E3B1D7CBB9000223963 /* PBXTargetDependency */ = {
			isa = PBXTargetDependency;
			target = 905B3E301D7CBB9000223963 /* MeetingCost Widget */;
			targetProxy = 905B3E3A1D7CBB9000223963 /* PBXContainerItemProxy */;
		};
		90C23BF71AC75D620054F850 /* PBXTargetDependency */ = {
			isa = PBXTargetDependency;
			target = 90C23BDF1AC75D620054F850 /* MeetingCost */;
			targetProxy = 90C23BF61AC75D620054F850 /* PBXContainerItemProxy */;
		};
/* End PBXTargetDependency section */

/* Begin PBXVariantGroup section */
		905B3E361D7CBB9000223963 /* MainInterface.storyboard */ = {
			isa = PBXVariantGroup;
			children = (
				905B3E371D7CBB9000223963 /* Base */,
			);
			name = MainInterface.storyboard;
			sourceTree = "<group>";
		};
		90C23BEE1AC75D620054F850 /* LaunchScreen.xib */ = {
			isa = PBXVariantGroup;
			children = (
				90C23BEF1AC75D620054F850 /* Base */,
			);
			name = LaunchScreen.xib;
			sourceTree = "<group>";
		};
/* End PBXVariantGroup section */

/* Begin XCBuildConfiguration section */
		905B3E3E1D7CBB9000223963 /* Debug */ = {
			isa = XCBuildConfiguration;
			buildSettings = {
				CLANG_ANALYZER_NONNULL = YES;
				CODE_SIGN_ENTITLEMENTS = "MeetingCost Widget/MeetingCost Widget.entitlements";
				CODE_SIGN_IDENTITY = "iPhone Distribution: Skandinavisk Data Center A/S";
				"CODE_SIGN_IDENTITY[sdk=iphoneos*]" = "iPhone Distribution: Skandinavisk Data Center A/S";
				DEBUG_INFORMATION_FORMAT = dwarf;
				ENABLE_TESTABILITY = YES;
				GCC_NO_COMMON_BLOCKS = YES;
				INFOPLIST_FILE = "MeetingCost Widget/Info.plist";
				IPHONEOS_DEPLOYMENT_TARGET = 9.3;
				LD_RUNPATH_SEARCH_PATHS = "$(inherited) @executable_path/Frameworks @executable_path/../../Frameworks";
				PRODUCT_BUNDLE_IDENTIFIER = "dk.vonbuchwald.esben.MeetingCost.MeetingCost-Widget";
				PRODUCT_NAME = "$(TARGET_NAME)";
				PROVISIONING_PROFILE = "c9582a38-2ce0-40ce-aeda-47728a41ded9";
				SKIP_INSTALL = YES;
			};
			name = Debug;
		};
		905B3E3F1D7CBB9000223963 /* Release */ = {
			isa = XCBuildConfiguration;
			buildSettings = {
				CLANG_ANALYZER_NONNULL = YES;
				CODE_SIGN_ENTITLEMENTS = "MeetingCost Widget/MeetingCost Widget.entitlements";
				CODE_SIGN_IDENTITY = "iPhone Distribution: Skandinavisk Data Center A/S";
				"CODE_SIGN_IDENTITY[sdk=iphoneos*]" = "iPhone Distribution: Skandinavisk Data Center A/S";
				DEBUG_INFORMATION_FORMAT = "dwarf-with-dsym";
				GCC_NO_COMMON_BLOCKS = YES;
				INFOPLIST_FILE = "MeetingCost Widget/Info.plist";
				IPHONEOS_DEPLOYMENT_TARGET = 9.3;
				LD_RUNPATH_SEARCH_PATHS = "$(inherited) @executable_path/Frameworks @executable_path/../../Frameworks";
				PRODUCT_BUNDLE_IDENTIFIER = "dk.vonbuchwald.esben.MeetingCost.MeetingCost-Widget";
				PRODUCT_NAME = "$(TARGET_NAME)";
				PROVISIONING_PROFILE = "c9582a38-2ce0-40ce-aeda-47728a41ded9";
				SKIP_INSTALL = YES;
			};
			name = Release;
		};
		90C23BFD1AC75D620054F850 /* Debug */ = {
			isa = XCBuildConfiguration;
			buildSettings = {
				ALWAYS_SEARCH_USER_PATHS = NO;
				CLANG_CXX_LANGUAGE_STANDARD = "gnu++0x";
				CLANG_CXX_LIBRARY = "libc++";
				CLANG_ENABLE_MODULES = YES;
				CLANG_ENABLE_OBJC_ARC = YES;
				CLANG_WARN_BOOL_CONVERSION = YES;
				CLANG_WARN_CONSTANT_CONVERSION = YES;
				CLANG_WARN_DIRECT_OBJC_ISA_USAGE = YES_ERROR;
				CLANG_WARN_EMPTY_BODY = YES;
				CLANG_WARN_ENUM_CONVERSION = YES;
				CLANG_WARN_INT_CONVERSION = YES;
				CLANG_WARN_OBJC_ROOT_CLASS = YES_ERROR;
				CLANG_WARN_UNREACHABLE_CODE = YES;
				CLANG_WARN__DUPLICATE_METHOD_MATCH = YES;
				"CODE_SIGN_IDENTITY[sdk=iphoneos*]" = "iPhone Developer";
				COPY_PHASE_STRIP = NO;
				DEFINES_MODULE = YES;
				ENABLE_STRICT_OBJC_MSGSEND = YES;
				GCC_C_LANGUAGE_STANDARD = gnu99;
				GCC_DYNAMIC_NO_PIC = NO;
				GCC_OPTIMIZATION_LEVEL = 0;
				GCC_PREPROCESSOR_DEFINITIONS = (
					"DEBUG=1",
					"$(inherited)",
				);
				GCC_SYMBOLS_PRIVATE_EXTERN = NO;
				GCC_WARN_64_TO_32_BIT_CONVERSION = YES;
				GCC_WARN_ABOUT_RETURN_TYPE = YES_ERROR;
				GCC_WARN_UNDECLARED_SELECTOR = YES;
				GCC_WARN_UNINITIALIZED_AUTOS = YES_AGGRESSIVE;
				GCC_WARN_UNUSED_FUNCTION = YES;
				GCC_WARN_UNUSED_VARIABLE = YES;
				MTL_ENABLE_DEBUG_INFO = YES;
				ONLY_ACTIVE_ARCH = YES;
				SDKROOT = iphoneos;
				SWIFT_OPTIMIZATION_LEVEL = "-Onone";
				TARGETED_DEVICE_FAMILY = "1,2";
			};
			name = Debug;
		};
		90C23BFE1AC75D620054F850 /* Release */ = {
			isa = XCBuildConfiguration;
			buildSettings = {
				ALWAYS_SEARCH_USER_PATHS = NO;
				CLANG_CXX_LANGUAGE_STANDARD = "gnu++0x";
				CLANG_CXX_LIBRARY = "libc++";
				CLANG_ENABLE_MODULES = YES;
				CLANG_ENABLE_OBJC_ARC = YES;
				CLANG_WARN_BOOL_CONVERSION = YES;
				CLANG_WARN_CONSTANT_CONVERSION = YES;
				CLANG_WARN_DIRECT_OBJC_ISA_USAGE = YES_ERROR;
				CLANG_WARN_EMPTY_BODY = YES;
				CLANG_WARN_ENUM_CONVERSION = YES;
				CLANG_WARN_INT_CONVERSION = YES;
				CLANG_WARN_OBJC_ROOT_CLASS = YES_ERROR;
				CLANG_WARN_UNREACHABLE_CODE = YES;
				CLANG_WARN__DUPLICATE_METHOD_MATCH = YES;
				"CODE_SIGN_IDENTITY[sdk=iphoneos*]" = "iPhone Developer";
				COPY_PHASE_STRIP = NO;
				DEFINES_MODULE = YES;
				ENABLE_NS_ASSERTIONS = NO;
				ENABLE_STRICT_OBJC_MSGSEND = YES;
				GCC_C_LANGUAGE_STANDARD = gnu99;
				GCC_WARN_64_TO_32_BIT_CONVERSION = YES;
				GCC_WARN_ABOUT_RETURN_TYPE = YES_ERROR;
				GCC_WARN_UNDECLARED_SELECTOR = YES;
				GCC_WARN_UNINITIALIZED_AUTOS = YES_AGGRESSIVE;
				GCC_WARN_UNUSED_FUNCTION = YES;
				GCC_WARN_UNUSED_VARIABLE = YES;
				MTL_ENABLE_DEBUG_INFO = NO;
				SDKROOT = iphoneos;
				TARGETED_DEVICE_FAMILY = "1,2";
				VALIDATE_PRODUCT = YES;
			};
			name = Release;
		};
		90C23C001AC75D620054F850 /* Debug */ = {
			isa = XCBuildConfiguration;
			buildSettings = {
				ASSETCATALOG_COMPILER_APPICON_NAME = AppIcon;
				CODE_SIGN_ENTITLEMENTS = MeetingCost/MeetingCost.entitlements;
				CODE_SIGN_IDENTITY = "iPhone Distribution: Skandinavisk Data Center A/S";
				"CODE_SIGN_IDENTITY[sdk=iphoneos*]" = "iPhone Distribution: Skandinavisk Data Center A/S";
				EMBEDDED_CONTENT_CONTAINS_SWIFT = YES;
				INFOPLIST_FILE = MeetingCost/Info.plist;
				IPHONEOS_DEPLOYMENT_TARGET = 9.3;
				LD_RUNPATH_SEARCH_PATHS = "$(inherited) @executable_path/Frameworks";
				PRODUCT_NAME = "$(TARGET_NAME)";
				PROVISIONING_PROFILE = "c9582a38-2ce0-40ce-aeda-47728a41ded9";
			};
			name = Debug;
		};
		90C23C011AC75D620054F850 /* Release */ = {
			isa = XCBuildConfiguration;
			buildSettings = {
				ASSETCATALOG_COMPILER_APPICON_NAME = AppIcon;
				CODE_SIGN_ENTITLEMENTS = MeetingCost/MeetingCost.entitlements;
				CODE_SIGN_IDENTITY = "iPhone Distribution: Skandinavisk Data Center A/S";
				"CODE_SIGN_IDENTITY[sdk=iphoneos*]" = "iPhone Distribution: Skandinavisk Data Center A/S";
				EMBEDDED_CONTENT_CONTAINS_SWIFT = YES;
				INFOPLIST_FILE = MeetingCost/Info.plist;
				IPHONEOS_DEPLOYMENT_TARGET = 9.3;
				LD_RUNPATH_SEARCH_PATHS = "$(inherited) @executable_path/Frameworks";
				PRODUCT_NAME = "$(TARGET_NAME)";
				PROVISIONING_PROFILE = "c9582a38-2ce0-40ce-aeda-47728a41ded9";
			};
			name = Release;
		};
		90C23C031AC75D620054F850 /* Debug */ = {
			isa = XCBuildConfiguration;
			buildSettings = {
				BUNDLE_LOADER = "$(TEST_HOST)";
				FRAMEWORK_SEARCH_PATHS = (
					"$(SDKROOT)/Developer/Library/Frameworks",
					"$(inherited)",
				);
				GCC_PREPROCESSOR_DEFINITIONS = (
					"DEBUG=1",
					"$(inherited)",
				);
				INFOPLIST_FILE = MeetingCostTests/Info.plist;
				LD_RUNPATH_SEARCH_PATHS = "$(inherited) @executable_path/Frameworks @loader_path/Frameworks";
				PRODUCT_NAME = "$(TARGET_NAME)";
				TEST_HOST = "$(BUILT_PRODUCTS_DIR)/MeetingCost.app/MeetingCost";
			};
			name = Debug;
		};
		90C23C041AC75D620054F850 /* Release */ = {
			isa = XCBuildConfiguration;
			buildSettings = {
				BUNDLE_LOADER = "$(TEST_HOST)";
				FRAMEWORK_SEARCH_PATHS = (
					"$(SDKROOT)/Developer/Library/Frameworks",
					"$(inherited)",
				);
				INFOPLIST_FILE = MeetingCostTests/Info.plist;
				LD_RUNPATH_SEARCH_PATHS = "$(inherited) @executable_path/Frameworks @loader_path/Frameworks";
				PRODUCT_NAME = "$(TARGET_NAME)";
				TEST_HOST = "$(BUILT_PRODUCTS_DIR)/MeetingCost.app/MeetingCost";
			};
			name = Release;
		};
/* End XCBuildConfiguration section */

/* Begin XCConfigurationList section */
		905B3E3D1D7CBB9000223963 /* Build configuration list for PBXNativeTarget "MeetingCost Widget" */ = {
			isa = XCConfigurationList;
			buildConfigurations = (
				905B3E3E1D7CBB9000223963 /* Debug */,
				905B3E3F1D7CBB9000223963 /* Release */,
			);
			defaultConfigurationIsVisible = 0;
		};
		90C23BDB1AC75D620054F850 /* Build configuration list for PBXProject "MeetingCost" */ = {
			isa = XCConfigurationList;
			buildConfigurations = (
				90C23BFD1AC75D620054F850 /* Debug */,
				90C23BFE1AC75D620054F850 /* Release */,
			);
			defaultConfigurationIsVisible = 0;
			defaultConfigurationName = Release;
		};
		90C23BFF1AC75D620054F850 /* Build configuration list for PBXNativeTarget "MeetingCost" */ = {
			isa = XCConfigurationList;
			buildConfigurations = (
				90C23C001AC75D620054F850 /* Debug */,
				90C23C011AC75D620054F850 /* Release */,
			);
			defaultConfigurationIsVisible = 0;
			defaultConfigurationName = Release;
		};
		90C23C021AC75D620054F850 /* Build configuration list for PBXNativeTarget "MeetingCostTests" */ = {
			isa = XCConfigurationList;
			buildConfigurations = (
				90C23C031AC75D620054F850 /* Debug */,
				90C23C041AC75D620054F850 /* Release */,
			);
			defaultConfigurationIsVisible = 0;
			defaultConfigurationName = Release;
		};
/* End XCConfigurationList section */
	};
	rootObject = 90C23BD81AC75D620054F850 /* Project object */;
}
